
Microsoft Visual Studio Solution File, Format Version 12.00
# Visual Studio 2012
Project("{FAE04EC0-301F-11D3-BF4B-00C04F79EFBC}") = "iBeaconApp", "iBeaconApp.csproj", "{733E4AE5-0C07-45DE-BD28-B1B1FD1E14DE}"
EndProject
Global
	GlobalSection(SolutionConfigurationPlatforms) = preSolution
		Debug|iPhoneSimulator = Debug|iPhoneSimulator
		Release|iPhone = Release|iPhone
		Release|iPhoneSimulator = Release|iPhoneSimulator
		Debug|iPhone = Debug|iPhone
		Debug|Any CPU = Debug|Any CPU
		Release|Any CPU = Release|Any CPU
	EndGlobalSection
	GlobalSection(ProjectConfigurationPlatforms) = postSolution
		{733E4AE5-0C07-45DE-BD28-B1B1FD1E14DE}.Debug|Any CPU.ActiveCfg = Debug|iPhoneSimulator
		{733E4AE5-0C07-45DE-BD28-B1B1FD1E14DE}.Debug|Any CPU.Build.0 = Debug|iPhoneSimulator
		{733E4AE5-0C07-45DE-BD28-B1B1FD1E14DE}.Debug|iPhone.ActiveCfg = Debug|iPhone
		{733E4AE5-0C07-45DE-BD28-B1B1FD1E14DE}.Debug|iPhone.Build.0 = Debug|iPhone
		{733E4AE5-0C07-45DE-BD28-B1B1FD1E14DE}.Debug|iPhoneSimulator.ActiveCfg = Debug|iPhoneSimulator
		{733E4AE5-0C07-45DE-BD28-B1B1FD1E14DE}.Debug|iPhoneSimulator.Build.0 = Debug|iPhoneSimulator
		{733E4AE5-0C07-45DE-BD28-B1B1FD1E14DE}.Release|Any CPU.ActiveCfg = Release|iPhone
		{733E4AE5-0C07-45DE-BD28-B1B1FD1E14DE}.Release|Any CPU.Build.0 = Release|iPhone
		{733E4AE5-0C07-45DE-BD28-B1B1FD1E14DE}.Release|iPhone.ActiveCfg = Release|iPhone
		{733E4AE5-0C07-45DE-BD28-B1B1FD1E14DE}.Release|iPhone.Build.0 = Release|iPhone
		{733E4AE5-0C07-45DE-BD28-B1B1FD1E14DE}.Release|iPhoneSimulator.ActiveCfg = Release|iPhoneSimulator
		{733E4AE5-0C07-45DE-BD28-B1B1FD1E14DE}.Release|iPhoneSimulator.Build.0 = Release|iPhoneSimulator
	EndGlobalSection
EndGlobal
